
Microsoft Visual Studio Solution File, Format Version 12.00
# Visual Studio Version 16
VisualStudioVersion = 16.0.34114.132
MinimumVisualStudioVersion = 10.0.40219.1
Project("{FAE04EC0-301F-11D3-BF4B-00C04F79EFBC}") = "Tyuiu.MeshcheryakovPV.Sprint4.Task0.V8", "Tyuiu.MeshcheryakovPV.Sprint4.Task0.V8\Tyuiu.MeshcheryakovPV.Sprint4.Task0.V8.csproj", "{9791C863-C615-40B5-ADD2-5CE09B18BA7A}"
EndProject
Project("{FAE04EC0-301F-11D3-BF4B-00C04F79EFBC}") = "Tyuiu.MeshcheryakovPV.Sprint4.Task0.V8.Lib", "Tyuiu.MeshcheryakovPV.Sprint4.Task0.V8.Lib\Tyuiu.MeshcheryakovPV.Sprint4.Task0.V8.Lib.csproj", "{D9C567CE-CD26-451B-BBFA-8A1AEE4253CB}"
EndProject
Project("{FAE04EC0-301F-11D3-BF4B-00C04F79EFBC}") = "Tyuiu.MeshcheryakovPV.Sprint4.Task0.V8.Test", "Tyuiu.MeshcheryakovPV.Sprint4.Task0.V8.Test\Tyuiu.MeshcheryakovPV.Sprint4.Task0.V8.Test.csproj", "{D73BA1CF-A598-4500-A62D-0804FAF3D0CE}"
EndProject
Project("{2150E333-8FDC-42A3-9474-1A3956D46DE8}") = "Task1", "Task1", "{321AB690-B121-4C38-AFFE-24342981D071}"
EndProject
Project("{FAE04EC0-301F-11D3-BF4B-00C04F79EFBC}") = "Tyuiu.MeshcheryakovPV.Sprint4.Task1.V10", "Tyuiu.MeshcheryakovPV.Sprint4.Task1.V10\Tyuiu.MeshcheryakovPV.Sprint4.Task1.V10.csproj", "{EC86A919-EB6D-4A92-A024-87EA479D4A32}"
EndProject
Project("{FAE04EC0-301F-11D3-BF4B-00C04F79EFBC}") = "Tyuiu.MeshcheryakovPV.Sprint4.Task1.V10.Lib", "Tyuiu.MeshcheryakovPV.Sprint4.Task1.V10.Lib\Tyuiu.MeshcheryakovPV.Sprint4.Task1.V10.Lib.csproj", "{4DAC59F6-938D-40DF-B09B-093575FBEBCC}"
EndProject
Project("{FAE04EC0-301F-11D3-BF4B-00C04F79EFBC}") = "Tyuiu.MeshcheryakovPV.Sprint4.Task1.V10.Test", "Tyuiu.MeshcheryakovPV.Sprint4.Task1.V10.Test\Tyuiu.MeshcheryakovPV.Sprint4.Task1.V10.Test.csproj", "{693910F7-43C8-43C8-B32D-F850D6485F97}"
EndProject
Project("{2150E333-8FDC-42A3-9474-1A3956D46DE8}") = "Task2", "Task2", "{492172E9-FBD4-4B3E-AC4C-77EAB0C4C06D}"
EndProject
Project("{FAE04EC0-301F-11D3-BF4B-00C04F79EFBC}") = "Tyuiu.MeshcheryakovPV.Sprint4.Task2.V9", "Tyuiu.MeshcheryakovPV.Sprint4.Task2.V9\Tyuiu.MeshcheryakovPV.Sprint4.Task2.V9.csproj", "{60C32668-E9CA-45F9-BCEA-031F4C753E6B}"
EndProject
Project("{FAE04EC0-301F-11D3-BF4B-00C04F79EFBC}") = "Tyuiu.MeshcheryakovPV.Sprint4.Task2.V9.Lib", "Tyuiu.MeshcheryakovPV.Sprint4.Task2.V9.Lib\Tyuiu.MeshcheryakovPV.Sprint4.Task2.V9.Lib.csproj", "{5B9D6299-07AA-4CE3-A7F0-D084EC766239}"
EndProject
Project("{FAE04EC0-301F-11D3-BF4B-00C04F79EFBC}") = "Tyuiu.MeshcheryakovPV.Sprint4.Task2.V9.Test", "Tyuiu.MeshcheryakovPV.Sprint4.Task2.V9.Test\Tyuiu.MeshcheryakovPV.Sprint4.Task2.V9.Test.csproj", "{6481FB64-139C-459A-86E2-14534B2F5566}"
EndProject
Project("{2150E333-8FDC-42A3-9474-1A3956D46DE8}") = "Task3", "Task3", "{43D0F2BC-ADA7-4D0B-BB95-0619F08C00F6}"
EndProject
Project("{FAE04EC0-301F-11D3-BF4B-00C04F79EFBC}") = "Tyuiu.MeshcheryakovPV.Sprint4.Task3.V15", "Tyuiu.MeshcheryakovPV.Sprint4.Task3.V15\Tyuiu.MeshcheryakovPV.Sprint4.Task3.V15.csproj", "{8E0754C8-0BD1-4027-A242-B579F1505118}"
EndProject
Project("{FAE04EC0-301F-11D3-BF4B-00C04F79EFBC}") = "Tyuiu.MeshcheryakovPV.Sprint4.Task3.V15.Lib", "Tyuiu.MeshcheryakovPV.Sprint4.Task3.V15.Lib\Tyuiu.MeshcheryakovPV.Sprint4.Task3.V15.Lib.csproj", "{47B12E0D-0330-4507-8668-D70BFCC15FF5}"
EndProject
Project("{FAE04EC0-301F-11D3-BF4B-00C04F79EFBC}") = "Tyuiu.MeshcheryakovPV.Sprint4.Task3.V15.Test", "Tyuiu.MeshcheryakovPV.Sprint4.Task3.V15.Test\Tyuiu.MeshcheryakovPV.Sprint4.Task3.V15.Test.csproj", "{2D196BF6-25AC-43EF-9FB8-5376AE69E8ED}"
EndProject
Global
	GlobalSection(SolutionConfigurationPlatforms) = preSolution
		Debug|Any CPU = Debug|Any CPU
		Release|Any CPU = Release|Any CPU
	EndGlobalSection
	GlobalSection(ProjectConfigurationPlatforms) = postSolution
		{9791C863-C615-40B5-ADD2-5CE09B18BA7A}.Debug|Any CPU.ActiveCfg = Debug|Any CPU
		{9791C863-C615-40B5-ADD2-5CE09B18BA7A}.Debug|Any CPU.Build.0 = Debug|Any CPU
		{9791C863-C615-40B5-ADD2-5CE09B18BA7A}.Release|Any CPU.ActiveCfg = Release|Any CPU
		{9791C863-C615-40B5-ADD2-5CE09B18BA7A}.Release|Any CPU.Build.0 = Release|Any CPU
		{D9C567CE-CD26-451B-BBFA-8A1AEE4253CB}.Debug|Any CPU.ActiveCfg = Debug|Any CPU
		{D9C567CE-CD26-451B-BBFA-8A1AEE4253CB}.Debug|Any CPU.Build.0 = Debug|Any CPU
		{D9C567CE-CD26-451B-BBFA-8A1AEE4253CB}.Release|Any CPU.ActiveCfg = Release|Any CPU
		{D9C567CE-CD26-451B-BBFA-8A1AEE4253CB}.Release|Any CPU.Build.0 = Release|Any CPU
		{D73BA1CF-A598-4500-A62D-0804FAF3D0CE}.Debug|Any CPU.ActiveCfg = Debug|Any CPU
		{D73BA1CF-A598-4500-A62D-0804FAF3D0CE}.Debug|Any CPU.Build.0 = Debug|Any CPU
		{D73BA1CF-A598-4500-A62D-0804FAF3D0CE}.Release|Any CPU.ActiveCfg = Release|Any CPU
		{D73BA1CF-A598-4500-A62D-0804FAF3D0CE}.Release|Any CPU.Build.0 = Release|Any CPU
		{EC86A919-EB6D-4A92-A024-87EA479D4A32}.Debug|Any CPU.ActiveCfg = Debug|Any CPU
		{EC86A919-EB6D-4A92-A024-87EA479D4A32}.Debug|Any CPU.Build.0 = Debug|Any CPU
		{EC86A919-EB6D-4A92-A024-87EA479D4A32}.Release|Any CPU.ActiveCfg = Release|Any CPU
		{EC86A919-EB6D-4A92-A024-87EA479D4A32}.Release|Any CPU.Build.0 = Release|Any CPU
		{4DAC59F6-938D-40DF-B09B-093575FBEBCC}.Debug|Any CPU.ActiveCfg = Debug|Any CPU
		{4DAC59F6-938D-40DF-B09B-093575FBEBCC}.Debug|Any CPU.Build.0 = Debug|Any CPU
		{4DAC59F6-938D-40DF-B09B-093575FBEBCC}.Release|Any CPU.ActiveCfg = Release|Any CPU
		{4DAC59F6-938D-40DF-B09B-093575FBEBCC}.Release|Any CPU.Build.0 = Release|Any CPU
		{693910F7-43C8-43C8-B32D-F850D6485F97}.Debug|Any CPU.ActiveCfg = Debug|Any CPU
		{693910F7-43C8-43C8-B32D-F850D6485F97}.Debug|Any CPU.Build.0 = Debug|Any CPU
		{693910F7-43C8-43C8-B32D-F850D6485F97}.Release|Any CPU.ActiveCfg = Release|Any CPU
		{693910F7-43C8-43C8-B32D-F850D6485F97}.Release|Any CPU.Build.0 = Release|Any CPU
		{60C32668-E9CA-45F9-BCEA-031F4C753E6B}.Debug|Any CPU.ActiveCfg = Debug|Any CPU
		{60C32668-E9CA-45F9-BCEA-031F4C753E6B}.Debug|Any CPU.Build.0 = Debug|Any CPU
		{60C32668-E9CA-45F9-BCEA-031F4C753E6B}.Release|Any CPU.ActiveCfg = Release|Any CPU
		{60C32668-E9CA-45F9-BCEA-031F4C753E6B}.Release|Any CPU.Build.0 = Release|Any CPU
		{5B9D6299-07AA-4CE3-A7F0-D084EC766239}.Debug|Any CPU.ActiveCfg = Debug|Any CPU
		{5B9D6299-07AA-4CE3-A7F0-D084EC766239}.Debug|Any CPU.Build.0 = Debug|Any CPU
		{5B9D6299-07AA-4CE3-A7F0-D084EC766239}.Release|Any CPU.ActiveCfg = Release|Any CPU
		{5B9D6299-07AA-4CE3-A7F0-D084EC766239}.Release|Any CPU.Build.0 = Release|Any CPU
		{6481FB64-139C-459A-86E2-14534B2F5566}.Debug|Any CPU.ActiveCfg = Debug|Any CPU
		{6481FB64-139C-459A-86E2-14534B2F5566}.Debug|Any CPU.Build.0 = Debug|Any CPU
		{6481FB64-139C-459A-86E2-14534B2F5566}.Release|Any CPU.ActiveCfg = Release|Any CPU
		{6481FB64-139C-459A-86E2-14534B2F5566}.Release|Any CPU.Build.0 = Release|Any CPU
		{8E0754C8-0BD1-4027-A242-B579F1505118}.Debug|Any CPU.ActiveCfg = Debug|Any CPU
		{8E0754C8-0BD1-4027-A242-B579F1505118}.Debug|Any CPU.Build.0 = Debug|Any CPU
		{8E0754C8-0BD1-4027-A242-B579F1505118}.Release|Any CPU.ActiveCfg = Release|Any CPU
		{8E0754C8-0BD1-4027-A242-B579F1505118}.Release|Any CPU.Build.0 = Release|Any CPU
		{47B12E0D-0330-4507-8668-D70BFCC15FF5}.Debug|Any CPU.ActiveCfg = Debug|Any CPU
		{47B12E0D-0330-4507-8668-D70BFCC15FF5}.Debug|Any CPU.Build.0 = Debug|Any CPU
		{47B12E0D-0330-4507-8668-D70BFCC15FF5}.Release|Any CPU.ActiveCfg = Release|Any CPU
		{47B12E0D-0330-4507-8668-D70BFCC15FF5}.Release|Any CPU.Build.0 = Release|Any CPU
		{2D196BF6-25AC-43EF-9FB8-5376AE69E8ED}.Debug|Any CPU.ActiveCfg = Debug|Any CPU
		{2D196BF6-25AC-43EF-9FB8-5376AE69E8ED}.Debug|Any CPU.Build.0 = Debug|Any CPU
		{2D196BF6-25AC-43EF-9FB8-5376AE69E8ED}.Release|Any CPU.ActiveCfg = Release|Any CPU
		{2D196BF6-25AC-43EF-9FB8-5376AE69E8ED}.Release|Any CPU.Build.0 = Release|Any CPU
	EndGlobalSection
	GlobalSection(SolutionProperties) = preSolution
		HideSolutionNode = FALSE
	EndGlobalSection
	GlobalSection(NestedProjects) = preSolution
		{EC86A919-EB6D-4A92-A024-87EA479D4A32} = {321AB690-B121-4C38-AFFE-24342981D071}
		{4DAC59F6-938D-40DF-B09B-093575FBEBCC} = {321AB690-B121-4C38-AFFE-24342981D071}
		{693910F7-43C8-43C8-B32D-F850D6485F97} = {321AB690-B121-4C38-AFFE-24342981D071}
		{60C32668-E9CA-45F9-BCEA-031F4C753E6B} = {492172E9-FBD4-4B3E-AC4C-77EAB0C4C06D}
		{5B9D6299-07AA-4CE3-A7F0-D084EC766239} = {492172E9-FBD4-4B3E-AC4C-77EAB0C4C06D}
		{6481FB64-139C-459A-86E2-14534B2F5566} = {492172E9-FBD4-4B3E-AC4C-77EAB0C4C06D}
		{8E0754C8-0BD1-4027-A242-B579F1505118} = {43D0F2BC-ADA7-4D0B-BB95-0619F08C00F6}
		{47B12E0D-0330-4507-8668-D70BFCC15FF5} = {43D0F2BC-ADA7-4D0B-BB95-0619F08C00F6}
		{2D196BF6-25AC-43EF-9FB8-5376AE69E8ED} = {43D0F2BC-ADA7-4D0B-BB95-0619F08C00F6}
	EndGlobalSection
	GlobalSection(ExtensibilityGlobals) = postSolution
		SolutionGuid = {1FA7558D-7A19-4553-8484-6C5C3AF7B1EE}
	EndGlobalSection
EndGlobal
